
Microsoft Visual Studio Solution File, Format Version 12.00
# Visual Studio Version 17
VisualStudioVersion = 17.5.33530.505
MinimumVisualStudioVersion = 10.0.40219.1
Project("{FAE04EC0-301F-11D3-BF4B-00C04F79EFBC}") = "SyncClient", "SyncClient.csproj", "{F130E762-4A6F-4485-B501-5E4E83A1CA51}"
EndProject
Global
	GlobalSection(SolutionConfigurationPlatforms) = preSolution
		Debug|Any CPU = Debug|Any CPU
		Release|Any CPU = Release|Any CPU
	EndGlobalSection
	GlobalSection(ProjectConfigurationPlatforms) = postSolution
		{F130E762-4A6F-4485-B501-5E4E83A1CA51}.Debug|Any CPU.ActiveCfg = Debug|Any CPU
		{F130E762-4A6F-4485-B501-5E4E83A1CA51}.Debug|Any CPU.Build.0 = Debug|Any CPU
		{F130E762-4A6F-4485-B501-5E4E83A1CA51}.Release|Any CPU.ActiveCfg = Release|Any CPU
		{F130E762-4A6F-4485-B501-5E4E83A1CA51}.Release|Any CPU.Build.0 = Release|Any CPU
	EndGlobalSection
	GlobalSection(SolutionProperties) = preSolution
		HideSolutionNode = FALSE
	EndGlobalSection
	GlobalSection(ExtensibilityGlobals) = postSolution
		SolutionGuid = {8EF2D88B-1B0A-4F54-AF2F-263E6111C761}
	EndGlobalSection
EndGlobal
